
Microsoft Visual Studio Solution File, Format Version 12.00
# Visual Studio 15
VisualStudioVersion = 15.0.26124.0
MinimumVisualStudioVersion = 15.0.26124.0
Project("{9A19103F-16F7-4668-BE54-9A1E7A4F7556}") = "R5T.Soludas.Standard.Construction", "R5T.Soludas.Standard.Construction\R5T.Soludas.Standard.Construction.csproj", "{B9D32A32-B4F6-4DF4-A827-73C2F8B23916}"
EndProject
Project("{9A19103F-16F7-4668-BE54-9A1E7A4F7556}") = "R5T.Soludas.Standard", "R5T.Soludas.Standard\R5T.Soludas.Standard.csproj", "{AC5FACC4-CFA9-4E48-9FE8-48C3A57442B5}"
EndProject
Project("{9A19103F-16F7-4668-BE54-9A1E7A4F7556}") = "R5T.Soludas.Standard.Testing", "R5T.Soludas.Standard.Testing\R5T.Soludas.Standard.Testing.csproj", "{AF7BC3FA-2127-4111-A9F8-311DDA885EA5}"
EndProject
Project("{2150E333-8FDC-42A3-9474-1A3956D46DE8}") = "_Dependencies", "_Dependencies", "{BB00914C-7977-41BB-B52A-83BA1C2DDDAB}"
EndProject
Project("{9A19103F-16F7-4668-BE54-9A1E7A4F7556}") = "R5T.Soludas.Default", "..\..\R5T.Soludas.Default\source\R5T.Soludas.Default\R5T.Soludas.Default.csproj", "{F2D5C880-76E7-415B-A23C-94B3A8AE4474}"
EndProject
Project("{9A19103F-16F7-4668-BE54-9A1E7A4F7556}") = "R5T.Soludas.Bath", "..\..\R5T.Soludas.Bath\source\R5T.Soludas.Bath\R5T.Soludas.Bath.csproj", "{227B142B-0E9C-4031-8EBB-03B75B444AC5}"
EndProject
Project("{9A19103F-16F7-4668-BE54-9A1E7A4F7556}") = "R5T.Dacia.Extensions", "..\..\R5T.Dacia.Extensions\source\R5T.Dacia.Extensions\R5T.Dacia.Extensions.csproj", "{D8498175-29C3-4229-8523-6CC399C79E3A}"
EndProject
Project("{9A19103F-16F7-4668-BE54-9A1E7A4F7556}") = "R5T.Dacia", "..\..\R5T.Dacia\source\R5T.Dacia\R5T.Dacia.csproj", "{40FC79E5-9576-45E0-8195-06D683A29F5D}"
EndProject
Project("{9A19103F-16F7-4668-BE54-9A1E7A4F7556}") = "R5T.Soludas.Base", "..\..\R5T.Soludas.Base\source\R5T.Soludas.Base\R5T.Soludas.Base.csproj", "{5E96B5A4-589F-4F78-AAD7-4D30EE15C4F3}"
EndProject
Project("{9A19103F-16F7-4668-BE54-9A1E7A4F7556}") = "R5T.Cambridge.Types", "..\..\R5T.Cambridge.Types\source\R5T.Cambridge.Types\R5T.Cambridge.Types.csproj", "{55A6B6C0-BC1C-4361-9A58-D0F0D34D4D29}"
EndProject
Project("{9A19103F-16F7-4668-BE54-9A1E7A4F7556}") = "R5T.Vandalia.Base", "..\..\R5T.Vandalia.Base\source\R5T.Vandalia.Base\R5T.Vandalia.Base.csproj", "{E67255A3-550A-4F1A-ACEF-057B52112966}"
EndProject
Project("{9A19103F-16F7-4668-BE54-9A1E7A4F7556}") = "R5T.Vandalia.Bath", "..\..\R5T.Vandalia.Bath\source\R5T.Vandalia.Bath\R5T.Vandalia.Bath.csproj", "{471208D4-69B5-4F03-A835-09E4F3E0F5FB}"
EndProject
Project("{9A19103F-16F7-4668-BE54-9A1E7A4F7556}") = "R5T.Bath.Base", "..\..\R5T.Bath.Base\source\R5T.Bath.Base\R5T.Bath.Base.csproj", "{7DBD343A-592D-483F-9A85-2E0D2E179696}"
EndProject
Project("{9A19103F-16F7-4668-BE54-9A1E7A4F7556}") = "R5T.Bath.Standard", "..\..\R5T.Bath.Standard\source\R5T.Bath.Standard\R5T.Bath.Standard.csproj", "{8F7EE298-675E-415B-8013-C710D3B2FBFC}"
EndProject
Project("{9A19103F-16F7-4668-BE54-9A1E7A4F7556}") = "R5T.Bath.File.Standard", "..\..\R5T.Bath.File.Standard\source\R5T.Bath.File.Standard\R5T.Bath.File.Standard.csproj", "{F9681E94-B850-4AF8-A060-D1B13A9DBA7F}"
EndProject
Project("{9A19103F-16F7-4668-BE54-9A1E7A4F7556}") = "R5T.Bath.File.Thessaloniki.Standard", "..\..\R5T.Bath.File.Thessaloniki.Standard\source\R5T.Bath.File.Thessaloniki.Standard\R5T.Bath.File.Thessaloniki.Standard.csproj", "{1FD5BDC9-1960-4EBF-89C1-176DE569E7D5}"
EndProject
Project("{9A19103F-16F7-4668-BE54-9A1E7A4F7556}") = "R5T.Bath.File.Thessaloniki", "..\..\R5T.Bath.File.Thessaloniki\source\R5T.Bath.File.Thessaloniki\R5T.Bath.File.Thessaloniki.csproj", "{29D5FE51-CD84-44B4-84FD-5C2373DDE090}"
EndProject
Project("{9A19103F-16F7-4668-BE54-9A1E7A4F7556}") = "R5T.Bath.File.Default", "..\..\R5T.Bath.File.Default\source\R5T.Bath.File.Default\R5T.Bath.File.Default.csproj", "{C181690D-47F9-431D-9473-FFFC364BB0F2}"
EndProject
Project("{9A19103F-16F7-4668-BE54-9A1E7A4F7556}") = "R5T.Bath.File", "..\..\R5T.Bath.File\source\R5T.Bath.File\R5T.Bath.File.csproj", "{F25A55C2-3E62-4052-8BF6-C3F8B59A8EEF}"
EndProject
Project("{9A19103F-16F7-4668-BE54-9A1E7A4F7556}") = "R5T.Bath.Default", "..\..\R5T.Bath.Default\source\R5T.Bath.Default\R5T.Bath.Default.csproj", "{A4149392-B8F9-4DC0-B52B-05AF425C8D86}"
EndProject
Project("{9A19103F-16F7-4668-BE54-9A1E7A4F7556}") = "R5T.Lombardy.Base", "..\..\R5T.Lombardy.Base\source\R5T.Lombardy.Base\R5T.Lombardy.Base.csproj", "{69F9F75C-4AC4-4103-8F54-98BAD878E97B}"
EndProject
Project("{9A19103F-16F7-4668-BE54-9A1E7A4F7556}") = "R5T.Thessaloniki.Base", "..\..\R5T.Thessaloniki.Base\source\R5T.Thessaloniki.Base\R5T.Thessaloniki.Base.csproj", "{139425E9-4089-47C0-B5AE-CAEF93CF240B}"
EndProject
Project("{9A19103F-16F7-4668-BE54-9A1E7A4F7556}") = "R5T.Thessaloniki.CDrive", "..\..\R5T.Thessaloniki.CDrive\source\R5T.Thessaloniki.CDrive\R5T.Thessaloniki.CDrive.csproj", "{344B8D95-C579-44CB-A41E-BA112B336D9A}"
EndProject
Project("{9A19103F-16F7-4668-BE54-9A1E7A4F7556}") = "R5T.Copenhagen.Standard", "..\..\R5T.Copenhagen.Standard\source\R5T.Copenhagen.Standard\R5T.Copenhagen.Standard.csproj", "{FA64538D-42CC-4A22-A407-3577E9206356}"
EndProject
Project("{9A19103F-16F7-4668-BE54-9A1E7A4F7556}") = "R5T.Canterbury.Standard", "..\..\R5T.Canterbury.Standard\source\R5T.Canterbury.Standard\R5T.Canterbury.Standard.csproj", "{2FE3EC6F-FCE4-436B-95FC-684DD9BA406C}"
EndProject
Project("{9A19103F-16F7-4668-BE54-9A1E7A4F7556}") = "R5T.Canterbury.Default", "..\..\R5T.Canterbury.Default\source\R5T.Canterbury.Default\R5T.Canterbury.Default.csproj", "{747F890F-8559-4ED2-9038-09C687DD8288}"
EndProject
Project("{9A19103F-16F7-4668-BE54-9A1E7A4F7556}") = "R5T.Canterbury.Base", "..\..\R5T.Canterbury.Base\source\R5T.Canterbury.Base\R5T.Canterbury.Base.csproj", "{9C07432E-400C-4221-88EB-0C557B4A37DA}"
EndProject
Project("{9A19103F-16F7-4668-BE54-9A1E7A4F7556}") = "R5T.Copenhagen.Default", "..\..\R5T.Copenhagen.Default\source\R5T.Copenhagen.Default\R5T.Copenhagen.Default.csproj", "{DA60EE4E-150C-4C71-89BC-199E293DE54C}"
EndProject
Project("{9A19103F-16F7-4668-BE54-9A1E7A4F7556}") = "R5T.Copenhagen.Base", "..\..\R5T.Copenhagen.Base\source\R5T.Copenhagen.Base\R5T.Copenhagen.Base.csproj", "{29BCF2AE-4EF3-4CDE-B264-18AD7C695C02}"
EndProject
Project("{9A19103F-16F7-4668-BE54-9A1E7A4F7556}") = "R5T.Lombardy.Standard", "..\..\R5T.Lombardy.Standard\source\R5T.Lombardy.Standard\R5T.Lombardy.Standard.csproj", "{7B4389EF-4998-4480-88BE-FFD3B2E742EA}"
EndProject
Project("{9A19103F-16F7-4668-BE54-9A1E7A4F7556}") = "R5T.Lombardy", "..\..\R5T.Lombardy\source\R5T.Lombardy\R5T.Lombardy.csproj", "{9A6D8625-E659-4B1E-AF77-7A3E880E3767}"
EndProject
Project("{9A19103F-16F7-4668-BE54-9A1E7A4F7556}") = "R5T.Cherusci", "..\..\R5T.Cherusci\source\R5T.Cherusci\R5T.Cherusci.csproj", "{7BF0EBB8-C922-42F3-9DFD-3529176517EF}"
EndProject
Project("{9A19103F-16F7-4668-BE54-9A1E7A4F7556}") = "R5T.Magyar", "..\..\R5T.Magyar\source\R5T.Magyar\R5T.Magyar.csproj", "{ED9EB66A-B9B2-4397-AB0C-361BF7880956}"
EndProject
Project("{9A19103F-16F7-4668-BE54-9A1E7A4F7556}") = "R5T.Rugia", "..\..\R5T.Rugia\source\R5T.Rugia\R5T.Rugia.csproj", "{35FAD1E6-B4D0-47F0-9922-951AB3CF987B}"
EndProject
Project("{9A19103F-16F7-4668-BE54-9A1E7A4F7556}") = "R5T.Rugia.Base", "..\..\R5T.Rugia.Base\source\R5T.Rugia.Base\R5T.Rugia.Base.csproj", "{0C7D39A7-E4E8-4C2D-9EC1-B85A982D484F}"
EndProject
Project("{9A19103F-16F7-4668-BE54-9A1E7A4F7556}") = "R5T.Thessaloniki.Copenhagen", "..\..\R5T.Thessaloniki.Copenhagen\source\R5T.Thessaloniki.Copenhagen\R5T.Thessaloniki.Copenhagen.csproj", "{652D7DBB-F579-4D1D-A09E-000DAE9E3DA4}"
EndProject
Project("{9A19103F-16F7-4668-BE54-9A1E7A4F7556}") = "R5T.Troy.Base", "..\..\R5T.Troy.Base\source\R5T.Troy.Base\R5T.Troy.Base.csproj", "{423FD7B1-00C7-4752-B323-CB57EC106EBB}"
EndProject
Project("{9A19103F-16F7-4668-BE54-9A1E7A4F7556}") = "R5T.Troy.Standard", "..\..\R5T.Troy.Standard\source\R5T.Troy.Standard\R5T.Troy.Standard.csproj", "{7EEA41A9-5881-4D79-A25C-59A8299D5E9F}"
EndProject
Project("{9A19103F-16F7-4668-BE54-9A1E7A4F7556}") = "R5T.Troy.Default", "..\..\R5T.Troy.Default\source\R5T.Troy.Default\R5T.Troy.Default.csproj", "{B66AD7D3-30BC-4A91-9A1C-14251DB1D9DE}"
EndProject
Global
	GlobalSection(SolutionConfigurationPlatforms) = preSolution
		Debug|Any CPU = Debug|Any CPU
		Debug|x64 = Debug|x64
		Debug|x86 = Debug|x86
		Release|Any CPU = Release|Any CPU
		Release|x64 = Release|x64
		Release|x86 = Release|x86
	EndGlobalSection
	GlobalSection(ProjectConfigurationPlatforms) = postSolution
		{B9D32A32-B4F6-4DF4-A827-73C2F8B23916}.Debug|Any CPU.ActiveCfg = Debug|Any CPU
		{B9D32A32-B4F6-4DF4-A827-73C2F8B23916}.Debug|Any CPU.Build.0 = Debug|Any CPU
		{B9D32A32-B4F6-4DF4-A827-73C2F8B23916}.Debug|x64.ActiveCfg = Debug|Any CPU
		{B9D32A32-B4F6-4DF4-A827-73C2F8B23916}.Debug|x64.Build.0 = Debug|Any CPU
		{B9D32A32-B4F6-4DF4-A827-73C2F8B23916}.Debug|x86.ActiveCfg = Debug|Any CPU
		{B9D32A32-B4F6-4DF4-A827-73C2F8B23916}.Debug|x86.Build.0 = Debug|Any CPU
		{B9D32A32-B4F6-4DF4-A827-73C2F8B23916}.Release|Any CPU.ActiveCfg = Release|Any CPU
		{B9D32A32-B4F6-4DF4-A827-73C2F8B23916}.Release|Any CPU.Build.0 = Release|Any CPU
		{B9D32A32-B4F6-4DF4-A827-73C2F8B23916}.Release|x64.ActiveCfg = Release|Any CPU
		{B9D32A32-B4F6-4DF4-A827-73C2F8B23916}.Release|x64.Build.0 = Release|Any CPU
		{B9D32A32-B4F6-4DF4-A827-73C2F8B23916}.Release|x86.ActiveCfg = Release|Any CPU
		{B9D32A32-B4F6-4DF4-A827-73C2F8B23916}.Release|x86.Build.0 = Release|Any CPU
		{AC5FACC4-CFA9-4E48-9FE8-48C3A57442B5}.Debug|Any CPU.ActiveCfg = Debug|Any CPU
		{AC5FACC4-CFA9-4E48-9FE8-48C3A57442B5}.Debug|Any CPU.Build.0 = Debug|Any CPU
		{AC5FACC4-CFA9-4E48-9FE8-48C3A57442B5}.Debug|x64.ActiveCfg = Debug|Any CPU
		{AC5FACC4-CFA9-4E48-9FE8-48C3A57442B5}.Debug|x64.Build.0 = Debug|Any CPU
		{AC5FACC4-CFA9-4E48-9FE8-48C3A57442B5}.Debug|x86.ActiveCfg = Debug|Any CPU
		{AC5FACC4-CFA9-4E48-9FE8-48C3A57442B5}.Debug|x86.Build.0 = Debug|Any CPU
		{AC5FACC4-CFA9-4E48-9FE8-48C3A57442B5}.Release|Any CPU.ActiveCfg = Release|Any CPU
		{AC5FACC4-CFA9-4E48-9FE8-48C3A57442B5}.Release|Any CPU.Build.0 = Release|Any CPU
		{AC5FACC4-CFA9-4E48-9FE8-48C3A57442B5}.Release|x64.ActiveCfg = Release|Any CPU
		{AC5FACC4-CFA9-4E48-9FE8-48C3A57442B5}.Release|x64.Build.0 = Release|Any CPU
		{AC5FACC4-CFA9-4E48-9FE8-48C3A57442B5}.Release|x86.ActiveCfg = Release|Any CPU
		{AC5FACC4-CFA9-4E48-9FE8-48C3A57442B5}.Release|x86.Build.0 = Release|Any CPU
		{AF7BC3FA-2127-4111-A9F8-311DDA885EA5}.Debug|Any CPU.ActiveCfg = Debug|Any CPU
		{AF7BC3FA-2127-4111-A9F8-311DDA885EA5}.Debug|Any CPU.Build.0 = Debug|Any CPU
		{AF7BC3FA-2127-4111-A9F8-311DDA885EA5}.Debug|x64.ActiveCfg = Debug|Any CPU
		{AF7BC3FA-2127-4111-A9F8-311DDA885EA5}.Debug|x64.Build.0 = Debug|Any CPU
		{AF7BC3FA-2127-4111-A9F8-311DDA885EA5}.Debug|x86.ActiveCfg = Debug|Any CPU
		{AF7BC3FA-2127-4111-A9F8-311DDA885EA5}.Debug|x86.Build.0 = Debug|Any CPU
		{AF7BC3FA-2127-4111-A9F8-311DDA885EA5}.Release|Any CPU.ActiveCfg = Release|Any CPU
		{AF7BC3FA-2127-4111-A9F8-311DDA885EA5}.Release|Any CPU.Build.0 = Release|Any CPU
		{AF7BC3FA-2127-4111-A9F8-311DDA885EA5}.Release|x64.ActiveCfg = Release|Any CPU
		{AF7BC3FA-2127-4111-A9F8-311DDA885EA5}.Release|x64.Build.0 = Release|Any CPU
		{AF7BC3FA-2127-4111-A9F8-311DDA885EA5}.Release|x86.ActiveCfg = Release|Any CPU
		{AF7BC3FA-2127-4111-A9F8-311DDA885EA5}.Release|x86.Build.0 = Release|Any CPU
		{F2D5C880-76E7-415B-A23C-94B3A8AE4474}.Debug|Any CPU.ActiveCfg = Debug|Any CPU
		{F2D5C880-76E7-415B-A23C-94B3A8AE4474}.Debug|Any CPU.Build.0 = Debug|Any CPU
		{F2D5C880-76E7-415B-A23C-94B3A8AE4474}.Debug|x64.ActiveCfg = Debug|Any CPU
		{F2D5C880-76E7-415B-A23C-94B3A8AE4474}.Debug|x64.Build.0 = Debug|Any CPU
		{F2D5C880-76E7-415B-A23C-94B3A8AE4474}.Debug|x86.ActiveCfg = Debug|Any CPU
		{F2D5C880-76E7-415B-A23C-94B3A8AE4474}.Debug|x86.Build.0 = Debug|Any CPU
		{F2D5C880-76E7-415B-A23C-94B3A8AE4474}.Release|Any CPU.ActiveCfg = Release|Any CPU
		{F2D5C880-76E7-415B-A23C-94B3A8AE4474}.Release|Any CPU.Build.0 = Release|Any CPU
		{F2D5C880-76E7-415B-A23C-94B3A8AE4474}.Release|x64.ActiveCfg = Release|Any CPU
		{F2D5C880-76E7-415B-A23C-94B3A8AE4474}.Release|x64.Build.0 = Release|Any CPU
		{F2D5C880-76E7-415B-A23C-94B3A8AE4474}.Release|x86.ActiveCfg = Release|Any CPU
		{F2D5C880-76E7-415B-A23C-94B3A8AE4474}.Release|x86.Build.0 = Release|Any CPU
		{227B142B-0E9C-4031-8EBB-03B75B444AC5}.Debug|Any CPU.ActiveCfg = Debug|Any CPU
		{227B142B-0E9C-4031-8EBB-03B75B444AC5}.Debug|Any CPU.Build.0 = Debug|Any CPU
		{227B142B-0E9C-4031-8EBB-03B75B444AC5}.Debug|x64.ActiveCfg = Debug|Any CPU
		{227B142B-0E9C-4031-8EBB-03B75B444AC5}.Debug|x64.Build.0 = Debug|Any CPU
		{227B142B-0E9C-4031-8EBB-03B75B444AC5}.Debug|x86.ActiveCfg = Debug|Any CPU
		{227B142B-0E9C-4031-8EBB-03B75B444AC5}.Debug|x86.Build.0 = Debug|Any CPU
		{227B142B-0E9C-4031-8EBB-03B75B444AC5}.Release|Any CPU.ActiveCfg = Release|Any CPU
		{227B142B-0E9C-4031-8EBB-03B75B444AC5}.Release|Any CPU.Build.0 = Release|Any CPU
		{227B142B-0E9C-4031-8EBB-03B75B444AC5}.Release|x64.ActiveCfg = Release|Any CPU
		{227B142B-0E9C-4031-8EBB-03B75B444AC5}.Release|x64.Build.0 = Release|Any CPU
		{227B142B-0E9C-4031-8EBB-03B75B444AC5}.Release|x86.ActiveCfg = Release|Any CPU
		{227B142B-0E9C-4031-8EBB-03B75B444AC5}.Release|x86.Build.0 = Release|Any CPU
		{D8498175-29C3-4229-8523-6CC399C79E3A}.Debug|Any CPU.ActiveCfg = Debug|Any CPU
		{D8498175-29C3-4229-8523-6CC399C79E3A}.Debug|Any CPU.Build.0 = Debug|Any CPU
		{D8498175-29C3-4229-8523-6CC399C79E3A}.Debug|x64.ActiveCfg = Debug|Any CPU
		{D8498175-29C3-4229-8523-6CC399C79E3A}.Debug|x64.Build.0 = Debug|Any CPU
		{D8498175-29C3-4229-8523-6CC399C79E3A}.Debug|x86.ActiveCfg = Debug|Any CPU
		{D8498175-29C3-4229-8523-6CC399C79E3A}.Debug|x86.Build.0 = Debug|Any CPU
		{D8498175-29C3-4229-8523-6CC399C79E3A}.Release|Any CPU.ActiveCfg = Release|Any CPU
		{D8498175-29C3-4229-8523-6CC399C79E3A}.Release|Any CPU.Build.0 = Release|Any CPU
		{D8498175-29C3-4229-8523-6CC399C79E3A}.Release|x64.ActiveCfg = Release|Any CPU
		{D8498175-29C3-4229-8523-6CC399C79E3A}.Release|x64.Build.0 = Release|Any CPU
		{D8498175-29C3-4229-8523-6CC399C79E3A}.Release|x86.ActiveCfg = Release|Any CPU
		{D8498175-29C3-4229-8523-6CC399C79E3A}.Release|x86.Build.0 = Release|Any CPU
		{40FC79E5-9576-45E0-8195-06D683A29F5D}.Debug|Any CPU.ActiveCfg = Debug|Any CPU
		{40FC79E5-9576-45E0-8195-06D683A29F5D}.Debug|Any CPU.Build.0 = Debug|Any CPU
		{40FC79E5-9576-45E0-8195-06D683A29F5D}.Debug|x64.ActiveCfg = Debug|Any CPU
		{40FC79E5-9576-45E0-8195-06D683A29F5D}.Debug|x64.Build.0 = Debug|Any CPU
		{40FC79E5-9576-45E0-8195-06D683A29F5D}.Debug|x86.ActiveCfg = Debug|Any CPU
		{40FC79E5-9576-45E0-8195-06D683A29F5D}.Debug|x86.Build.0 = Debug|Any CPU
		{40FC79E5-9576-45E0-8195-06D683A29F5D}.Release|Any CPU.ActiveCfg = Release|Any CPU
		{40FC79E5-9576-45E0-8195-06D683A29F5D}.Release|Any CPU.Build.0 = Release|Any CPU
		{40FC79E5-9576-45E0-8195-06D683A29F5D}.Release|x64.ActiveCfg = Release|Any CPU
		{40FC79E5-9576-45E0-8195-06D683A29F5D}.Release|x64.Build.0 = Release|Any CPU
		{40FC79E5-9576-45E0-8195-06D683A29F5D}.Release|x86.ActiveCfg = Release|Any CPU
		{40FC79E5-9576-45E0-8195-06D683A29F5D}.Release|x86.Build.0 = Release|Any CPU
		{5E96B5A4-589F-4F78-AAD7-4D30EE15C4F3}.Debug|Any CPU.ActiveCfg = Debug|Any CPU
		{5E96B5A4-589F-4F78-AAD7-4D30EE15C4F3}.Debug|Any CPU.Build.0 = Debug|Any CPU
		{5E96B5A4-589F-4F78-AAD7-4D30EE15C4F3}.Debug|x64.ActiveCfg = Debug|Any CPU
		{5E96B5A4-589F-4F78-AAD7-4D30EE15C4F3}.Debug|x64.Build.0 = Debug|Any CPU
		{5E96B5A4-589F-4F78-AAD7-4D30EE15C4F3}.Debug|x86.ActiveCfg = Debug|Any CPU
		{5E96B5A4-589F-4F78-AAD7-4D30EE15C4F3}.Debug|x86.Build.0 = Debug|Any CPU
		{5E96B5A4-589F-4F78-AAD7-4D30EE15C4F3}.Release|Any CPU.ActiveCfg = Release|Any CPU
		{5E96B5A4-589F-4F78-AAD7-4D30EE15C4F3}.Release|Any CPU.Build.0 = Release|Any CPU
		{5E96B5A4-589F-4F78-AAD7-4D30EE15C4F3}.Release|x64.ActiveCfg = Release|Any CPU
		{5E96B5A4-589F-4F78-AAD7-4D30EE15C4F3}.Release|x64.Build.0 = Release|Any CPU
		{5E96B5A4-589F-4F78-AAD7-4D30EE15C4F3}.Release|x86.ActiveCfg = Release|Any CPU
		{5E96B5A4-589F-4F78-AAD7-4D30EE15C4F3}.Release|x86.Build.0 = Release|Any CPU
		{55A6B6C0-BC1C-4361-9A58-D0F0D34D4D29}.Debug|Any CPU.ActiveCfg = Debug|Any CPU
		{55A6B6C0-BC1C-4361-9A58-D0F0D34D4D29}.Debug|Any CPU.Build.0 = Debug|Any CPU
		{55A6B6C0-BC1C-4361-9A58-D0F0D34D4D29}.Debug|x64.ActiveCfg = Debug|Any CPU
		{55A6B6C0-BC1C-4361-9A58-D0F0D34D4D29}.Debug|x64.Build.0 = Debug|Any CPU
		{55A6B6C0-BC1C-4361-9A58-D0F0D34D4D29}.Debug|x86.ActiveCfg = Debug|Any CPU
		{55A6B6C0-BC1C-4361-9A58-D0F0D34D4D29}.Debug|x86.Build.0 = Debug|Any CPU
		{55A6B6C0-BC1C-4361-9A58-D0F0D34D4D29}.Release|Any CPU.ActiveCfg = Release|Any CPU
		{55A6B6C0-BC1C-4361-9A58-D0F0D34D4D29}.Release|Any CPU.Build.0 = Release|Any CPU
		{55A6B6C0-BC1C-4361-9A58-D0F0D34D4D29}.Release|x64.ActiveCfg = Release|Any CPU
		{55A6B6C0-BC1C-4361-9A58-D0F0D34D4D29}.Release|x64.Build.0 = Release|Any CPU
		{55A6B6C0-BC1C-4361-9A58-D0F0D34D4D29}.Release|x86.ActiveCfg = Release|Any CPU
		{55A6B6C0-BC1C-4361-9A58-D0F0D34D4D29}.Release|x86.Build.0 = Release|Any CPU
		{E67255A3-550A-4F1A-ACEF-057B52112966}.Debug|Any CPU.ActiveCfg = Debug|Any CPU
		{E67255A3-550A-4F1A-ACEF-057B52112966}.Debug|Any CPU.Build.0 = Debug|Any CPU
		{E67255A3-550A-4F1A-ACEF-057B52112966}.Debug|x64.ActiveCfg = Debug|Any CPU
		{E67255A3-550A-4F1A-ACEF-057B52112966}.Debug|x64.Build.0 = Debug|Any CPU
		{E67255A3-550A-4F1A-ACEF-057B52112966}.Debug|x86.ActiveCfg = Debug|Any CPU
		{E67255A3-550A-4F1A-ACEF-057B52112966}.Debug|x86.Build.0 = Debug|Any CPU
		{E67255A3-550A-4F1A-ACEF-057B52112966}.Release|Any CPU.ActiveCfg = Release|Any CPU
		{E67255A3-550A-4F1A-ACEF-057B52112966}.Release|Any CPU.Build.0 = Release|Any CPU
		{E67255A3-550A-4F1A-ACEF-057B52112966}.Release|x64.ActiveCfg = Release|Any CPU
		{E67255A3-550A-4F1A-ACEF-057B52112966}.Release|x64.Build.0 = Release|Any CPU
		{E67255A3-550A-4F1A-ACEF-057B52112966}.Release|x86.ActiveCfg = Release|Any CPU
		{E67255A3-550A-4F1A-ACEF-057B52112966}.Release|x86.Build.0 = Release|Any CPU
		{471208D4-69B5-4F03-A835-09E4F3E0F5FB}.Debug|Any CPU.ActiveCfg = Debug|Any CPU
		{471208D4-69B5-4F03-A835-09E4F3E0F5FB}.Debug|Any CPU.Build.0 = Debug|Any CPU
		{471208D4-69B5-4F03-A835-09E4F3E0F5FB}.Debug|x64.ActiveCfg = Debug|Any CPU
		{471208D4-69B5-4F03-A835-09E4F3E0F5FB}.Debug|x64.Build.0 = Debug|Any CPU
		{471208D4-69B5-4F03-A835-09E4F3E0F5FB}.Debug|x86.ActiveCfg = Debug|Any CPU
		{471208D4-69B5-4F03-A835-09E4F3E0F5FB}.Debug|x86.Build.0 = Debug|Any CPU
		{471208D4-69B5-4F03-A835-09E4F3E0F5FB}.Release|Any CPU.ActiveCfg = Release|Any CPU
		{471208D4-69B5-4F03-A835-09E4F3E0F5FB}.Release|Any CPU.Build.0 = Release|Any CPU
		{471208D4-69B5-4F03-A835-09E4F3E0F5FB}.Release|x64.ActiveCfg = Release|Any CPU
		{471208D4-69B5-4F03-A835-09E4F3E0F5FB}.Release|x64.Build.0 = Release|Any CPU
		{471208D4-69B5-4F03-A835-09E4F3E0F5FB}.Release|x86.ActiveCfg = Release|Any CPU
		{471208D4-69B5-4F03-A835-09E4F3E0F5FB}.Release|x86.Build.0 = Release|Any CPU
		{7DBD343A-592D-483F-9A85-2E0D2E179696}.Debug|Any CPU.ActiveCfg = Debug|Any CPU
		{7DBD343A-592D-483F-9A85-2E0D2E179696}.Debug|Any CPU.Build.0 = Debug|Any CPU
		{7DBD343A-592D-483F-9A85-2E0D2E179696}.Debug|x64.ActiveCfg = Debug|Any CPU
		{7DBD343A-592D-483F-9A85-2E0D2E179696}.Debug|x64.Build.0 = Debug|Any CPU
		{7DBD343A-592D-483F-9A85-2E0D2E179696}.Debug|x86.ActiveCfg = Debug|Any CPU
		{7DBD343A-592D-483F-9A85-2E0D2E179696}.Debug|x86.Build.0 = Debug|Any CPU
		{7DBD343A-592D-483F-9A85-2E0D2E179696}.Release|Any CPU.ActiveCfg = Release|Any CPU
		{7DBD343A-592D-483F-9A85-2E0D2E179696}.Release|Any CPU.Build.0 = Release|Any CPU
		{7DBD343A-592D-483F-9A85-2E0D2E179696}.Release|x64.ActiveCfg = Release|Any CPU
		{7DBD343A-592D-483F-9A85-2E0D2E179696}.Release|x64.Build.0 = Release|Any CPU
		{7DBD343A-592D-483F-9A85-2E0D2E179696}.Release|x86.ActiveCfg = Release|Any CPU
		{7DBD343A-592D-483F-9A85-2E0D2E179696}.Release|x86.Build.0 = Release|Any CPU
		{8F7EE298-675E-415B-8013-C710D3B2FBFC}.Debug|Any CPU.ActiveCfg = Debug|Any CPU
		{8F7EE298-675E-415B-8013-C710D3B2FBFC}.Debug|Any CPU.Build.0 = Debug|Any CPU
		{8F7EE298-675E-415B-8013-C710D3B2FBFC}.Debug|x64.ActiveCfg = Debug|Any CPU
		{8F7EE298-675E-415B-8013-C710D3B2FBFC}.Debug|x64.Build.0 = Debug|Any CPU
		{8F7EE298-675E-415B-8013-C710D3B2FBFC}.Debug|x86.ActiveCfg = Debug|Any CPU
		{8F7EE298-675E-415B-8013-C710D3B2FBFC}.Debug|x86.Build.0 = Debug|Any CPU
		{8F7EE298-675E-415B-8013-C710D3B2FBFC}.Release|Any CPU.ActiveCfg = Release|Any CPU
		{8F7EE298-675E-415B-8013-C710D3B2FBFC}.Release|Any CPU.Build.0 = Release|Any CPU
		{8F7EE298-675E-415B-8013-C710D3B2FBFC}.Release|x64.ActiveCfg = Release|Any CPU
		{8F7EE298-675E-415B-8013-C710D3B2FBFC}.Release|x64.Build.0 = Release|Any CPU
		{8F7EE298-675E-415B-8013-C710D3B2FBFC}.Release|x86.ActiveCfg = Release|Any CPU
		{8F7EE298-675E-415B-8013-C710D3B2FBFC}.Release|x86.Build.0 = Release|Any CPU
		{F9681E94-B850-4AF8-A060-D1B13A9DBA7F}.Debug|Any CPU.ActiveCfg = Debug|Any CPU
		{F9681E94-B850-4AF8-A060-D1B13A9DBA7F}.Debug|Any CPU.Build.0 = Debug|Any CPU
		{F9681E94-B850-4AF8-A060-D1B13A9DBA7F}.Debug|x64.ActiveCfg = Debug|Any CPU
		{F9681E94-B850-4AF8-A060-D1B13A9DBA7F}.Debug|x64.Build.0 = Debug|Any CPU
		{F9681E94-B850-4AF8-A060-D1B13A9DBA7F}.Debug|x86.ActiveCfg = Debug|Any CPU
		{F9681E94-B850-4AF8-A060-D1B13A9DBA7F}.Debug|x86.Build.0 = Debug|Any CPU
		{F9681E94-B850-4AF8-A060-D1B13A9DBA7F}.Release|Any CPU.ActiveCfg = Release|Any CPU
		{F9681E94-B850-4AF8-A060-D1B13A9DBA7F}.Release|Any CPU.Build.0 = Release|Any CPU
		{F9681E94-B850-4AF8-A060-D1B13A9DBA7F}.Release|x64.ActiveCfg = Release|Any CPU
		{F9681E94-B850-4AF8-A060-D1B13A9DBA7F}.Release|x64.Build.0 = Release|Any CPU
		{F9681E94-B850-4AF8-A060-D1B13A9DBA7F}.Release|x86.ActiveCfg = Release|Any CPU
		{F9681E94-B850-4AF8-A060-D1B13A9DBA7F}.Release|x86.Build.0 = Release|Any CPU
		{1FD5BDC9-1960-4EBF-89C1-176DE569E7D5}.Debug|Any CPU.ActiveCfg = Debug|Any CPU
		{1FD5BDC9-1960-4EBF-89C1-176DE569E7D5}.Debug|Any CPU.Build.0 = Debug|Any CPU
		{1FD5BDC9-1960-4EBF-89C1-176DE569E7D5}.Debug|x64.ActiveCfg = Debug|Any CPU
		{1FD5BDC9-1960-4EBF-89C1-176DE569E7D5}.Debug|x64.Build.0 = Debug|Any CPU
		{1FD5BDC9-1960-4EBF-89C1-176DE569E7D5}.Debug|x86.ActiveCfg = Debug|Any CPU
		{1FD5BDC9-1960-4EBF-89C1-176DE569E7D5}.Debug|x86.Build.0 = Debug|Any CPU
		{1FD5BDC9-1960-4EBF-89C1-176DE569E7D5}.Release|Any CPU.ActiveCfg = Release|Any CPU
		{1FD5BDC9-1960-4EBF-89C1-176DE569E7D5}.Release|Any CPU.Build.0 = Release|Any CPU
		{1FD5BDC9-1960-4EBF-89C1-176DE569E7D5}.Release|x64.ActiveCfg = Release|Any CPU
		{1FD5BDC9-1960-4EBF-89C1-176DE569E7D5}.Release|x64.Build.0 = Release|Any CPU
		{1FD5BDC9-1960-4EBF-89C1-176DE569E7D5}.Release|x86.ActiveCfg = Release|Any CPU
		{1FD5BDC9-1960-4EBF-89C1-176DE569E7D5}.Release|x86.Build.0 = Release|Any CPU
		{29D5FE51-CD84-44B4-84FD-5C2373DDE090}.Debug|Any CPU.ActiveCfg = Debug|Any CPU
		{29D5FE51-CD84-44B4-84FD-5C2373DDE090}.Debug|Any CPU.Build.0 = Debug|Any CPU
		{29D5FE51-CD84-44B4-84FD-5C2373DDE090}.Debug|x64.ActiveCfg = Debug|Any CPU
		{29D5FE51-CD84-44B4-84FD-5C2373DDE090}.Debug|x64.Build.0 = Debug|Any CPU
		{29D5FE51-CD84-44B4-84FD-5C2373DDE090}.Debug|x86.ActiveCfg = Debug|Any CPU
		{29D5FE51-CD84-44B4-84FD-5C2373DDE090}.Debug|x86.Build.0 = Debug|Any CPU
		{29D5FE51-CD84-44B4-84FD-5C2373DDE090}.Release|Any CPU.ActiveCfg = Release|Any CPU
		{29D5FE51-CD84-44B4-84FD-5C2373DDE090}.Release|Any CPU.Build.0 = Release|Any CPU
		{29D5FE51-CD84-44B4-84FD-5C2373DDE090}.Release|x64.ActiveCfg = Release|Any CPU
		{29D5FE51-CD84-44B4-84FD-5C2373DDE090}.Release|x64.Build.0 = Release|Any CPU
		{29D5FE51-CD84-44B4-84FD-5C2373DDE090}.Release|x86.ActiveCfg = Release|Any CPU
		{29D5FE51-CD84-44B4-84FD-5C2373DDE090}.Release|x86.Build.0 = Release|Any CPU
		{C181690D-47F9-431D-9473-FFFC364BB0F2}.Debug|Any CPU.ActiveCfg = Debug|Any CPU
		{C181690D-47F9-431D-9473-FFFC364BB0F2}.Debug|Any CPU.Build.0 = Debug|Any CPU
		{C181690D-47F9-431D-9473-FFFC364BB0F2}.Debug|x64.ActiveCfg = Debug|Any CPU
		{C181690D-47F9-431D-9473-FFFC364BB0F2}.Debug|x64.Build.0 = Debug|Any CPU
		{C181690D-47F9-431D-9473-FFFC364BB0F2}.Debug|x86.ActiveCfg = Debug|Any CPU
		{C181690D-47F9-431D-9473-FFFC364BB0F2}.Debug|x86.Build.0 = Debug|Any CPU
		{C181690D-47F9-431D-9473-FFFC364BB0F2}.Release|Any CPU.ActiveCfg = Release|Any CPU
		{C181690D-47F9-431D-9473-FFFC364BB0F2}.Release|Any CPU.Build.0 = Release|Any CPU
		{C181690D-47F9-431D-9473-FFFC364BB0F2}.Release|x64.ActiveCfg = Release|Any CPU
		{C181690D-47F9-431D-9473-FFFC364BB0F2}.Release|x64.Build.0 = Release|Any CPU
		{C181690D-47F9-431D-9473-FFFC364BB0F2}.Release|x86.ActiveCfg = Release|Any CPU
		{C181690D-47F9-431D-9473-FFFC364BB0F2}.Release|x86.Build.0 = Release|Any CPU
		{F25A55C2-3E62-4052-8BF6-C3F8B59A8EEF}.Debug|Any CPU.ActiveCfg = Debug|Any CPU
		{F25A55C2-3E62-4052-8BF6-C3F8B59A8EEF}.Debug|Any CPU.Build.0 = Debug|Any CPU
		{F25A55C2-3E62-4052-8BF6-C3F8B59A8EEF}.Debug|x64.ActiveCfg = Debug|Any CPU
		{F25A55C2-3E62-4052-8BF6-C3F8B59A8EEF}.Debug|x64.Build.0 = Debug|Any CPU
		{F25A55C2-3E62-4052-8BF6-C3F8B59A8EEF}.Debug|x86.ActiveCfg = Debug|Any CPU
		{F25A55C2-3E62-4052-8BF6-C3F8B59A8EEF}.Debug|x86.Build.0 = Debug|Any CPU
		{F25A55C2-3E62-4052-8BF6-C3F8B59A8EEF}.Release|Any CPU.ActiveCfg = Release|Any CPU
		{F25A55C2-3E62-4052-8BF6-C3F8B59A8EEF}.Release|Any CPU.Build.0 = Release|Any CPU
		{F25A55C2-3E62-4052-8BF6-C3F8B59A8EEF}.Release|x64.ActiveCfg = Release|Any CPU
		{F25A55C2-3E62-4052-8BF6-C3F8B59A8EEF}.Release|x64.Build.0 = Release|Any CPU
		{F25A55C2-3E62-4052-8BF6-C3F8B59A8EEF}.Release|x86.ActiveCfg = Release|Any CPU
		{F25A55C2-3E62-4052-8BF6-C3F8B59A8EEF}.Release|x86.Build.0 = Release|Any CPU
		{A4149392-B8F9-4DC0-B52B-05AF425C8D86}.Debug|Any CPU.ActiveCfg = Debug|Any CPU
		{A4149392-B8F9-4DC0-B52B-05AF425C8D86}.Debug|Any CPU.Build.0 = Debug|Any CPU
		{A4149392-B8F9-4DC0-B52B-05AF425C8D86}.Debug|x64.ActiveCfg = Debug|Any CPU
		{A4149392-B8F9-4DC0-B52B-05AF425C8D86}.Debug|x64.Build.0 = Debug|Any CPU
		{A4149392-B8F9-4DC0-B52B-05AF425C8D86}.Debug|x86.ActiveCfg = Debug|Any CPU
		{A4149392-B8F9-4DC0-B52B-05AF425C8D86}.Debug|x86.Build.0 = Debug|Any CPU
		{A4149392-B8F9-4DC0-B52B-05AF425C8D86}.Release|Any CPU.ActiveCfg = Release|Any CPU
		{A4149392-B8F9-4DC0-B52B-05AF425C8D86}.Release|Any CPU.Build.0 = Release|Any CPU
		{A4149392-B8F9-4DC0-B52B-05AF425C8D86}.Release|x64.ActiveCfg = Release|Any CPU
		{A4149392-B8F9-4DC0-B52B-05AF425C8D86}.Release|x64.Build.0 = Release|Any CPU
		{A4149392-B8F9-4DC0-B52B-05AF425C8D86}.Release|x86.ActiveCfg = Release|Any CPU
		{A4149392-B8F9-4DC0-B52B-05AF425C8D86}.Release|x86.Build.0 = Release|Any CPU
		{69F9F75C-4AC4-4103-8F54-98BAD878E97B}.Debug|Any CPU.ActiveCfg = Debug|Any CPU
		{69F9F75C-4AC4-4103-8F54-98BAD878E97B}.Debug|Any CPU.Build.0 = Debug|Any CPU
		{69F9F75C-4AC4-4103-8F54-98BAD878E97B}.Debug|x64.ActiveCfg = Debug|Any CPU
		{69F9F75C-4AC4-4103-8F54-98BAD878E97B}.Debug|x64.Build.0 = Debug|Any CPU
		{69F9F75C-4AC4-4103-8F54-98BAD878E97B}.Debug|x86.ActiveCfg = Debug|Any CPU
		{69F9F75C-4AC4-4103-8F54-98BAD878E97B}.Debug|x86.Build.0 = Debug|Any CPU
		{69F9F75C-4AC4-4103-8F54-98BAD878E97B}.Release|Any CPU.ActiveCfg = Release|Any CPU
		{69F9F75C-4AC4-4103-8F54-98BAD878E97B}.Release|Any CPU.Build.0 = Release|Any CPU
		{69F9F75C-4AC4-4103-8F54-98BAD878E97B}.Release|x64.ActiveCfg = Release|Any CPU
		{69F9F75C-4AC4-4103-8F54-98BAD878E97B}.Release|x64.Build.0 = Release|Any CPU
		{69F9F75C-4AC4-4103-8F54-98BAD878E97B}.Release|x86.ActiveCfg = Release|Any CPU
		{69F9F75C-4AC4-4103-8F54-98BAD878E97B}.Release|x86.Build.0 = Release|Any CPU
		{139425E9-4089-47C0-B5AE-CAEF93CF240B}.Debug|Any CPU.ActiveCfg = Debug|Any CPU
		{139425E9-4089-47C0-B5AE-CAEF93CF240B}.Debug|Any CPU.Build.0 = Debug|Any CPU
		{139425E9-4089-47C0-B5AE-CAEF93CF240B}.Debug|x64.ActiveCfg = Debug|Any CPU
		{139425E9-4089-47C0-B5AE-CAEF93CF240B}.Debug|x64.Build.0 = Debug|Any CPU
		{139425E9-4089-47C0-B5AE-CAEF93CF240B}.Debug|x86.ActiveCfg = Debug|Any CPU
		{139425E9-4089-47C0-B5AE-CAEF93CF240B}.Debug|x86.Build.0 = Debug|Any CPU
		{139425E9-4089-47C0-B5AE-CAEF93CF240B}.Release|Any CPU.ActiveCfg = Release|Any CPU
		{139425E9-4089-47C0-B5AE-CAEF93CF240B}.Release|Any CPU.Build.0 = Release|Any CPU
		{139425E9-4089-47C0-B5AE-CAEF93CF240B}.Release|x64.ActiveCfg = Release|Any CPU
		{139425E9-4089-47C0-B5AE-CAEF93CF240B}.Release|x64.Build.0 = Release|Any CPU
		{139425E9-4089-47C0-B5AE-CAEF93CF240B}.Release|x86.ActiveCfg = Release|Any CPU
		{139425E9-4089-47C0-B5AE-CAEF93CF240B}.Release|x86.Build.0 = Release|Any CPU
		{344B8D95-C579-44CB-A41E-BA112B336D9A}.Debug|Any CPU.ActiveCfg = Debug|Any CPU
		{344B8D95-C579-44CB-A41E-BA112B336D9A}.Debug|Any CPU.Build.0 = Debug|Any CPU
		{344B8D95-C579-44CB-A41E-BA112B336D9A}.Debug|x64.ActiveCfg = Debug|Any CPU
		{344B8D95-C579-44CB-A41E-BA112B336D9A}.Debug|x64.Build.0 = Debug|Any CPU
		{344B8D95-C579-44CB-A41E-BA112B336D9A}.Debug|x86.ActiveCfg = Debug|Any CPU
		{344B8D95-C579-44CB-A41E-BA112B336D9A}.Debug|x86.Build.0 = Debug|Any CPU
		{344B8D95-C579-44CB-A41E-BA112B336D9A}.Release|Any CPU.ActiveCfg = Release|Any CPU
		{344B8D95-C579-44CB-A41E-BA112B336D9A}.Release|Any CPU.Build.0 = Release|Any CPU
		{344B8D95-C579-44CB-A41E-BA112B336D9A}.Release|x64.ActiveCfg = Release|Any CPU
		{344B8D95-C579-44CB-A41E-BA112B336D9A}.Release|x64.Build.0 = Release|Any CPU
		{344B8D95-C579-44CB-A41E-BA112B336D9A}.Release|x86.ActiveCfg = Release|Any CPU
		{344B8D95-C579-44CB-A41E-BA112B336D9A}.Release|x86.Build.0 = Release|Any CPU
		{FA64538D-42CC-4A22-A407-3577E9206356}.Debug|Any CPU.ActiveCfg = Debug|Any CPU
		{FA64538D-42CC-4A22-A407-3577E9206356}.Debug|Any CPU.Build.0 = Debug|Any CPU
		{FA64538D-42CC-4A22-A407-3577E9206356}.Debug|x64.ActiveCfg = Debug|Any CPU
		{FA64538D-42CC-4A22-A407-3577E9206356}.Debug|x64.Build.0 = Debug|Any CPU
		{FA64538D-42CC-4A22-A407-3577E9206356}.Debug|x86.ActiveCfg = Debug|Any CPU
		{FA64538D-42CC-4A22-A407-3577E9206356}.Debug|x86.Build.0 = Debug|Any CPU
		{FA64538D-42CC-4A22-A407-3577E9206356}.Release|Any CPU.ActiveCfg = Release|Any CPU
		{FA64538D-42CC-4A22-A407-3577E9206356}.Release|Any CPU.Build.0 = Release|Any CPU
		{FA64538D-42CC-4A22-A407-3577E9206356}.Release|x64.ActiveCfg = Release|Any CPU
		{FA64538D-42CC-4A22-A407-3577E9206356}.Release|x64.Build.0 = Release|Any CPU
		{FA64538D-42CC-4A22-A407-3577E9206356}.Release|x86.ActiveCfg = Release|Any CPU
		{FA64538D-42CC-4A22-A407-3577E9206356}.Release|x86.Build.0 = Release|Any CPU
		{2FE3EC6F-FCE4-436B-95FC-684DD9BA406C}.Debug|Any CPU.ActiveCfg = Debug|Any CPU
		{2FE3EC6F-FCE4-436B-95FC-684DD9BA406C}.Debug|Any CPU.Build.0 = Debug|Any CPU
		{2FE3EC6F-FCE4-436B-95FC-684DD9BA406C}.Debug|x64.ActiveCfg = Debug|Any CPU
		{2FE3EC6F-FCE4-436B-95FC-684DD9BA406C}.Debug|x64.Build.0 = Debug|Any CPU
		{2FE3EC6F-FCE4-436B-95FC-684DD9BA406C}.Debug|x86.ActiveCfg = Debug|Any CPU
		{2FE3EC6F-FCE4-436B-95FC-684DD9BA406C}.Debug|x86.Build.0 = Debug|Any CPU
		{2FE3EC6F-FCE4-436B-95FC-684DD9BA406C}.Release|Any CPU.ActiveCfg = Release|Any CPU
		{2FE3EC6F-FCE4-436B-95FC-684DD9BA406C}.Release|Any CPU.Build.0 = Release|Any CPU
		{2FE3EC6F-FCE4-436B-95FC-684DD9BA406C}.Release|x64.ActiveCfg = Release|Any CPU
		{2FE3EC6F-FCE4-436B-95FC-684DD9BA406C}.Release|x64.Build.0 = Release|Any CPU
		{2FE3EC6F-FCE4-436B-95FC-684DD9BA406C}.Release|x86.ActiveCfg = Release|Any CPU
		{2FE3EC6F-FCE4-436B-95FC-684DD9BA406C}.Release|x86.Build.0 = Release|Any CPU
		{747F890F-8559-4ED2-9038-09C687DD8288}.Debug|Any CPU.ActiveCfg = Debug|Any CPU
		{747F890F-8559-4ED2-9038-09C687DD8288}.Debug|Any CPU.Build.0 = Debug|Any CPU
		{747F890F-8559-4ED2-9038-09C687DD8288}.Debug|x64.ActiveCfg = Debug|Any CPU
		{747F890F-8559-4ED2-9038-09C687DD8288}.Debug|x64.Build.0 = Debug|Any CPU
		{747F890F-8559-4ED2-9038-09C687DD8288}.Debug|x86.ActiveCfg = Debug|Any CPU
		{747F890F-8559-4ED2-9038-09C687DD8288}.Debug|x86.Build.0 = Debug|Any CPU
		{747F890F-8559-4ED2-9038-09C687DD8288}.Release|Any CPU.ActiveCfg = Release|Any CPU
		{747F890F-8559-4ED2-9038-09C687DD8288}.Release|Any CPU.Build.0 = Release|Any CPU
		{747F890F-8559-4ED2-9038-09C687DD8288}.Release|x64.ActiveCfg = Release|Any CPU
		{747F890F-8559-4ED2-9038-09C687DD8288}.Release|x64.Build.0 = Release|Any CPU
		{747F890F-8559-4ED2-9038-09C687DD8288}.Release|x86.ActiveCfg = Release|Any CPU
		{747F890F-8559-4ED2-9038-09C687DD8288}.Release|x86.Build.0 = Release|Any CPU
		{9C07432E-400C-4221-88EB-0C557B4A37DA}.Debug|Any CPU.ActiveCfg = Debug|Any CPU
		{9C07432E-400C-4221-88EB-0C557B4A37DA}.Debug|Any CPU.Build.0 = Debug|Any CPU
		{9C07432E-400C-4221-88EB-0C557B4A37DA}.Debug|x64.ActiveCfg = Debug|Any CPU
		{9C07432E-400C-4221-88EB-0C557B4A37DA}.Debug|x64.Build.0 = Debug|Any CPU
		{9C07432E-400C-4221-88EB-0C557B4A37DA}.Debug|x86.ActiveCfg = Debug|Any CPU
		{9C07432E-400C-4221-88EB-0C557B4A37DA}.Debug|x86.Build.0 = Debug|Any CPU
		{9C07432E-400C-4221-88EB-0C557B4A37DA}.Release|Any CPU.ActiveCfg = Release|Any CPU
		{9C07432E-400C-4221-88EB-0C557B4A37DA}.Release|Any CPU.Build.0 = Release|Any CPU
		{9C07432E-400C-4221-88EB-0C557B4A37DA}.Release|x64.ActiveCfg = Release|Any CPU
		{9C07432E-400C-4221-88EB-0C557B4A37DA}.Release|x64.Build.0 = Release|Any CPU
		{9C07432E-400C-4221-88EB-0C557B4A37DA}.Release|x86.ActiveCfg = Release|Any CPU
		{9C07432E-400C-4221-88EB-0C557B4A37DA}.Release|x86.Build.0 = Release|Any CPU
		{DA60EE4E-150C-4C71-89BC-199E293DE54C}.Debug|Any CPU.ActiveCfg = Debug|Any CPU
		{DA60EE4E-150C-4C71-89BC-199E293DE54C}.Debug|Any CPU.Build.0 = Debug|Any CPU
		{DA60EE4E-150C-4C71-89BC-199E293DE54C}.Debug|x64.ActiveCfg = Debug|Any CPU
		{DA60EE4E-150C-4C71-89BC-199E293DE54C}.Debug|x64.Build.0 = Debug|Any CPU
		{DA60EE4E-150C-4C71-89BC-199E293DE54C}.Debug|x86.ActiveCfg = Debug|Any CPU
		{DA60EE4E-150C-4C71-89BC-199E293DE54C}.Debug|x86.Build.0 = Debug|Any CPU
		{DA60EE4E-150C-4C71-89BC-199E293DE54C}.Release|Any CPU.ActiveCfg = Release|Any CPU
		{DA60EE4E-150C-4C71-89BC-199E293DE54C}.Release|Any CPU.Build.0 = Release|Any CPU
		{DA60EE4E-150C-4C71-89BC-199E293DE54C}.Release|x64.ActiveCfg = Release|Any CPU
		{DA60EE4E-150C-4C71-89BC-199E293DE54C}.Release|x64.Build.0 = Release|Any CPU
		{DA60EE4E-150C-4C71-89BC-199E293DE54C}.Release|x86.ActiveCfg = Release|Any CPU
		{DA60EE4E-150C-4C71-89BC-199E293DE54C}.Release|x86.Build.0 = Release|Any CPU
		{29BCF2AE-4EF3-4CDE-B264-18AD7C695C02}.Debug|Any CPU.ActiveCfg = Debug|Any CPU
		{29BCF2AE-4EF3-4CDE-B264-18AD7C695C02}.Debug|Any CPU.Build.0 = Debug|Any CPU
		{29BCF2AE-4EF3-4CDE-B264-18AD7C695C02}.Debug|x64.ActiveCfg = Debug|Any CPU
		{29BCF2AE-4EF3-4CDE-B264-18AD7C695C02}.Debug|x64.Build.0 = Debug|Any CPU
		{29BCF2AE-4EF3-4CDE-B264-18AD7C695C02}.Debug|x86.ActiveCfg = Debug|Any CPU
		{29BCF2AE-4EF3-4CDE-B264-18AD7C695C02}.Debug|x86.Build.0 = Debug|Any CPU
		{29BCF2AE-4EF3-4CDE-B264-18AD7C695C02}.Release|Any CPU.ActiveCfg = Release|Any CPU
		{29BCF2AE-4EF3-4CDE-B264-18AD7C695C02}.Release|Any CPU.Build.0 = Release|Any CPU
		{29BCF2AE-4EF3-4CDE-B264-18AD7C695C02}.Release|x64.ActiveCfg = Release|Any CPU
		{29BCF2AE-4EF3-4CDE-B264-18AD7C695C02}.Release|x64.Build.0 = Release|Any CPU
		{29BCF2AE-4EF3-4CDE-B264-18AD7C695C02}.Release|x86.ActiveCfg = Release|Any CPU
		{29BCF2AE-4EF3-4CDE-B264-18AD7C695C02}.Release|x86.Build.0 = Release|Any CPU
		{7B4389EF-4998-4480-88BE-FFD3B2E742EA}.Debug|Any CPU.ActiveCfg = Debug|Any CPU
		{7B4389EF-4998-4480-88BE-FFD3B2E742EA}.Debug|Any CPU.Build.0 = Debug|Any CPU
		{7B4389EF-4998-4480-88BE-FFD3B2E742EA}.Debug|x64.ActiveCfg = Debug|Any CPU
		{7B4389EF-4998-4480-88BE-FFD3B2E742EA}.Debug|x64.Build.0 = Debug|Any CPU
		{7B4389EF-4998-4480-88BE-FFD3B2E742EA}.Debug|x86.ActiveCfg = Debug|Any CPU
		{7B4389EF-4998-4480-88BE-FFD3B2E742EA}.Debug|x86.Build.0 = Debug|Any CPU
		{7B4389EF-4998-4480-88BE-FFD3B2E742EA}.Release|Any CPU.ActiveCfg = Release|Any CPU
		{7B4389EF-4998-4480-88BE-FFD3B2E742EA}.Release|Any CPU.Build.0 = Release|Any CPU
		{7B4389EF-4998-4480-88BE-FFD3B2E742EA}.Release|x64.ActiveCfg = Release|Any CPU
		{7B4389EF-4998-4480-88BE-FFD3B2E742EA}.Release|x64.Build.0 = Release|Any CPU
		{7B4389EF-4998-4480-88BE-FFD3B2E742EA}.Release|x86.ActiveCfg = Release|Any CPU
		{7B4389EF-4998-4480-88BE-FFD3B2E742EA}.Release|x86.Build.0 = Release|Any CPU
		{9A6D8625-E659-4B1E-AF77-7A3E880E3767}.Debug|Any CPU.ActiveCfg = Debug|Any CPU
		{9A6D8625-E659-4B1E-AF77-7A3E880E3767}.Debug|Any CPU.Build.0 = Debug|Any CPU
		{9A6D8625-E659-4B1E-AF77-7A3E880E3767}.Debug|x64.ActiveCfg = Debug|Any CPU
		{9A6D8625-E659-4B1E-AF77-7A3E880E3767}.Debug|x64.Build.0 = Debug|Any CPU
		{9A6D8625-E659-4B1E-AF77-7A3E880E3767}.Debug|x86.ActiveCfg = Debug|Any CPU
		{9A6D8625-E659-4B1E-AF77-7A3E880E3767}.Debug|x86.Build.0 = Debug|Any CPU
		{9A6D8625-E659-4B1E-AF77-7A3E880E3767}.Release|Any CPU.ActiveCfg = Release|Any CPU
		{9A6D8625-E659-4B1E-AF77-7A3E880E3767}.Release|Any CPU.Build.0 = Release|Any CPU
		{9A6D8625-E659-4B1E-AF77-7A3E880E3767}.Release|x64.ActiveCfg = Release|Any CPU
		{9A6D8625-E659-4B1E-AF77-7A3E880E3767}.Release|x64.Build.0 = Release|Any CPU
		{9A6D8625-E659-4B1E-AF77-7A3E880E3767}.Release|x86.ActiveCfg = Release|Any CPU
		{9A6D8625-E659-4B1E-AF77-7A3E880E3767}.Release|x86.Build.0 = Release|Any CPU
		{7BF0EBB8-C922-42F3-9DFD-3529176517EF}.Debug|Any CPU.ActiveCfg = Debug|Any CPU
		{7BF0EBB8-C922-42F3-9DFD-3529176517EF}.Debug|Any CPU.Build.0 = Debug|Any CPU
		{7BF0EBB8-C922-42F3-9DFD-3529176517EF}.Debug|x64.ActiveCfg = Debug|Any CPU
		{7BF0EBB8-C922-42F3-9DFD-3529176517EF}.Debug|x64.Build.0 = Debug|Any CPU
		{7BF0EBB8-C922-42F3-9DFD-3529176517EF}.Debug|x86.ActiveCfg = Debug|Any CPU
		{7BF0EBB8-C922-42F3-9DFD-3529176517EF}.Debug|x86.Build.0 = Debug|Any CPU
		{7BF0EBB8-C922-42F3-9DFD-3529176517EF}.Release|Any CPU.ActiveCfg = Release|Any CPU
		{7BF0EBB8-C922-42F3-9DFD-3529176517EF}.Release|Any CPU.Build.0 = Release|Any CPU
		{7BF0EBB8-C922-42F3-9DFD-3529176517EF}.Release|x64.ActiveCfg = Release|Any CPU
		{7BF0EBB8-C922-42F3-9DFD-3529176517EF}.Release|x64.Build.0 = Release|Any CPU
		{7BF0EBB8-C922-42F3-9DFD-3529176517EF}.Release|x86.ActiveCfg = Release|Any CPU
		{7BF0EBB8-C922-42F3-9DFD-3529176517EF}.Release|x86.Build.0 = Release|Any CPU
		{ED9EB66A-B9B2-4397-AB0C-361BF7880956}.Debug|Any CPU.ActiveCfg = Debug|Any CPU
		{ED9EB66A-B9B2-4397-AB0C-361BF7880956}.Debug|Any CPU.Build.0 = Debug|Any CPU
		{ED9EB66A-B9B2-4397-AB0C-361BF7880956}.Debug|x64.ActiveCfg = Debug|Any CPU
		{ED9EB66A-B9B2-4397-AB0C-361BF7880956}.Debug|x64.Build.0 = Debug|Any CPU
		{ED9EB66A-B9B2-4397-AB0C-361BF7880956}.Debug|x86.ActiveCfg = Debug|Any CPU
		{ED9EB66A-B9B2-4397-AB0C-361BF7880956}.Debug|x86.Build.0 = Debug|Any CPU
		{ED9EB66A-B9B2-4397-AB0C-361BF7880956}.Release|Any CPU.ActiveCfg = Release|Any CPU
		{ED9EB66A-B9B2-4397-AB0C-361BF7880956}.Release|Any CPU.Build.0 = Release|Any CPU
		{ED9EB66A-B9B2-4397-AB0C-361BF7880956}.Release|x64.ActiveCfg = Release|Any CPU
		{ED9EB66A-B9B2-4397-AB0C-361BF7880956}.Release|x64.Build.0 = Release|Any CPU
		{ED9EB66A-B9B2-4397-AB0C-361BF7880956}.Release|x86.ActiveCfg = Release|Any CPU
		{ED9EB66A-B9B2-4397-AB0C-361BF7880956}.Release|x86.Build.0 = Release|Any CPU
		{35FAD1E6-B4D0-47F0-9922-951AB3CF987B}.Debug|Any CPU.ActiveCfg = Debug|Any CPU
		{35FAD1E6-B4D0-47F0-9922-951AB3CF987B}.Debug|Any CPU.Build.0 = Debug|Any CPU
		{35FAD1E6-B4D0-47F0-9922-951AB3CF987B}.Debug|x64.ActiveCfg = Debug|Any CPU
		{35FAD1E6-B4D0-47F0-9922-951AB3CF987B}.Debug|x64.Build.0 = Debug|Any CPU
		{35FAD1E6-B4D0-47F0-9922-951AB3CF987B}.Debug|x86.ActiveCfg = Debug|Any CPU
		{35FAD1E6-B4D0-47F0-9922-951AB3CF987B}.Debug|x86.Build.0 = Debug|Any CPU
		{35FAD1E6-B4D0-47F0-9922-951AB3CF987B}.Release|Any CPU.ActiveCfg = Release|Any CPU
		{35FAD1E6-B4D0-47F0-9922-951AB3CF987B}.Release|Any CPU.Build.0 = Release|Any CPU
		{35FAD1E6-B4D0-47F0-9922-951AB3CF987B}.Release|x64.ActiveCfg = Release|Any CPU
		{35FAD1E6-B4D0-47F0-9922-951AB3CF987B}.Release|x64.Build.0 = Release|Any CPU
		{35FAD1E6-B4D0-47F0-9922-951AB3CF987B}.Release|x86.ActiveCfg = Release|Any CPU
		{35FAD1E6-B4D0-47F0-9922-951AB3CF987B}.Release|x86.Build.0 = Release|Any CPU
		{0C7D39A7-E4E8-4C2D-9EC1-B85A982D484F}.Debug|Any CPU.ActiveCfg = Debug|Any CPU
		{0C7D39A7-E4E8-4C2D-9EC1-B85A982D484F}.Debug|Any CPU.Build.0 = Debug|Any CPU
		{0C7D39A7-E4E8-4C2D-9EC1-B85A982D484F}.Debug|x64.ActiveCfg = Debug|Any CPU
		{0C7D39A7-E4E8-4C2D-9EC1-B85A982D484F}.Debug|x64.Build.0 = Debug|Any CPU
		{0C7D39A7-E4E8-4C2D-9EC1-B85A982D484F}.Debug|x86.ActiveCfg = Debug|Any CPU
		{0C7D39A7-E4E8-4C2D-9EC1-B85A982D484F}.Debug|x86.Build.0 = Debug|Any CPU
		{0C7D39A7-E4E8-4C2D-9EC1-B85A982D484F}.Release|Any CPU.ActiveCfg = Release|Any CPU
		{0C7D39A7-E4E8-4C2D-9EC1-B85A982D484F}.Release|Any CPU.Build.0 = Release|Any CPU
		{0C7D39A7-E4E8-4C2D-9EC1-B85A982D484F}.Release|x64.ActiveCfg = Release|Any CPU
		{0C7D39A7-E4E8-4C2D-9EC1-B85A982D484F}.Release|x64.Build.0 = Release|Any CPU
		{0C7D39A7-E4E8-4C2D-9EC1-B85A982D484F}.Release|x86.ActiveCfg = Release|Any CPU
		{0C7D39A7-E4E8-4C2D-9EC1-B85A982D484F}.Release|x86.Build.0 = Release|Any CPU
		{652D7DBB-F579-4D1D-A09E-000DAE9E3DA4}.Debug|Any CPU.ActiveCfg = Debug|Any CPU
		{652D7DBB-F579-4D1D-A09E-000DAE9E3DA4}.Debug|Any CPU.Build.0 = Debug|Any CPU
		{652D7DBB-F579-4D1D-A09E-000DAE9E3DA4}.Debug|x64.ActiveCfg = Debug|Any CPU
		{652D7DBB-F579-4D1D-A09E-000DAE9E3DA4}.Debug|x64.Build.0 = Debug|Any CPU
		{652D7DBB-F579-4D1D-A09E-000DAE9E3DA4}.Debug|x86.ActiveCfg = Debug|Any CPU
		{652D7DBB-F579-4D1D-A09E-000DAE9E3DA4}.Debug|x86.Build.0 = Debug|Any CPU
		{652D7DBB-F579-4D1D-A09E-000DAE9E3DA4}.Release|Any CPU.ActiveCfg = Release|Any CPU
		{652D7DBB-F579-4D1D-A09E-000DAE9E3DA4}.Release|Any CPU.Build.0 = Release|Any CPU
		{652D7DBB-F579-4D1D-A09E-000DAE9E3DA4}.Release|x64.ActiveCfg = Release|Any CPU
		{652D7DBB-F579-4D1D-A09E-000DAE9E3DA4}.Release|x64.Build.0 = Release|Any CPU
		{652D7DBB-F579-4D1D-A09E-000DAE9E3DA4}.Release|x86.ActiveCfg = Release|Any CPU
		{652D7DBB-F579-4D1D-A09E-000DAE9E3DA4}.Release|x86.Build.0 = Release|Any CPU
		{423FD7B1-00C7-4752-B323-CB57EC106EBB}.Debug|Any CPU.ActiveCfg = Debug|Any CPU
		{423FD7B1-00C7-4752-B323-CB57EC106EBB}.Debug|Any CPU.Build.0 = Debug|Any CPU
		{423FD7B1-00C7-4752-B323-CB57EC106EBB}.Debug|x64.ActiveCfg = Debug|Any CPU
		{423FD7B1-00C7-4752-B323-CB57EC106EBB}.Debug|x64.Build.0 = Debug|Any CPU
		{423FD7B1-00C7-4752-B323-CB57EC106EBB}.Debug|x86.ActiveCfg = Debug|Any CPU
		{423FD7B1-00C7-4752-B323-CB57EC106EBB}.Debug|x86.Build.0 = Debug|Any CPU
		{423FD7B1-00C7-4752-B323-CB57EC106EBB}.Release|Any CPU.ActiveCfg = Release|Any CPU
		{423FD7B1-00C7-4752-B323-CB57EC106EBB}.Release|Any CPU.Build.0 = Release|Any CPU
		{423FD7B1-00C7-4752-B323-CB57EC106EBB}.Release|x64.ActiveCfg = Release|Any CPU
		{423FD7B1-00C7-4752-B323-CB57EC106EBB}.Release|x64.Build.0 = Release|Any CPU
		{423FD7B1-00C7-4752-B323-CB57EC106EBB}.Release|x86.ActiveCfg = Release|Any CPU
		{423FD7B1-00C7-4752-B323-CB57EC106EBB}.Release|x86.Build.0 = Release|Any CPU
		{7EEA41A9-5881-4D79-A25C-59A8299D5E9F}.Debug|Any CPU.ActiveCfg = Debug|Any CPU
		{7EEA41A9-5881-4D79-A25C-59A8299D5E9F}.Debug|Any CPU.Build.0 = Debug|Any CPU
		{7EEA41A9-5881-4D79-A25C-59A8299D5E9F}.Debug|x64.ActiveCfg = Debug|Any CPU
		{7EEA41A9-5881-4D79-A25C-59A8299D5E9F}.Debug|x64.Build.0 = Debug|Any CPU
		{7EEA41A9-5881-4D79-A25C-59A8299D5E9F}.Debug|x86.ActiveCfg = Debug|Any CPU
		{7EEA41A9-5881-4D79-A25C-59A8299D5E9F}.Debug|x86.Build.0 = Debug|Any CPU
		{7EEA41A9-5881-4D79-A25C-59A8299D5E9F}.Release|Any CPU.ActiveCfg = Release|Any CPU
		{7EEA41A9-5881-4D79-A25C-59A8299D5E9F}.Release|Any CPU.Build.0 = Release|Any CPU
		{7EEA41A9-5881-4D79-A25C-59A8299D5E9F}.Release|x64.ActiveCfg = Release|Any CPU
		{7EEA41A9-5881-4D79-A25C-59A8299D5E9F}.Release|x64.Build.0 = Release|Any CPU
		{7EEA41A9-5881-4D79-A25C-59A8299D5E9F}.Release|x86.ActiveCfg = Release|Any CPU
		{7EEA41A9-5881-4D79-A25C-59A8299D5E9F}.Release|x86.Build.0 = Release|Any CPU
		{B66AD7D3-30BC-4A91-9A1C-14251DB1D9DE}.Debug|Any CPU.ActiveCfg = Debug|Any CPU
		{B66AD7D3-30BC-4A91-9A1C-14251DB1D9DE}.Debug|Any CPU.Build.0 = Debug|Any CPU
		{B66AD7D3-30BC-4A91-9A1C-14251DB1D9DE}.Debug|x64.ActiveCfg = Debug|Any CPU
		{B66AD7D3-30BC-4A91-9A1C-14251DB1D9DE}.Debug|x64.Build.0 = Debug|Any CPU
		{B66AD7D3-30BC-4A91-9A1C-14251DB1D9DE}.Debug|x86.ActiveCfg = Debug|Any CPU
		{B66AD7D3-30BC-4A91-9A1C-14251DB1D9DE}.Debug|x86.Build.0 = Debug|Any CPU
		{B66AD7D3-30BC-4A91-9A1C-14251DB1D9DE}.Release|Any CPU.ActiveCfg = Release|Any CPU
		{B66AD7D3-30BC-4A91-9A1C-14251DB1D9DE}.Release|Any CPU.Build.0 = Release|Any CPU
		{B66AD7D3-30BC-4A91-9A1C-14251DB1D9DE}.Release|x64.ActiveCfg = Release|Any CPU
		{B66AD7D3-30BC-4A91-9A1C-14251DB1D9DE}.Release|x64.Build.0 = Release|Any CPU
		{B66AD7D3-30BC-4A91-9A1C-14251DB1D9DE}.Release|x86.ActiveCfg = Release|Any CPU
		{B66AD7D3-30BC-4A91-9A1C-14251DB1D9DE}.Release|x86.Build.0 = Release|Any CPU
	EndGlobalSection
	GlobalSection(SolutionProperties) = preSolution
		HideSolutionNode = FALSE
	EndGlobalSection
	GlobalSection(NestedProjects) = preSolution
		{F2D5C880-76E7-415B-A23C-94B3A8AE4474} = {BB00914C-7977-41BB-B52A-83BA1C2DDDAB}
		{227B142B-0E9C-4031-8EBB-03B75B444AC5} = {BB00914C-7977-41BB-B52A-83BA1C2DDDAB}
		{D8498175-29C3-4229-8523-6CC399C79E3A} = {BB00914C-7977-41BB-B52A-83BA1C2DDDAB}
		{40FC79E5-9576-45E0-8195-06D683A29F5D} = {BB00914C-7977-41BB-B52A-83BA1C2DDDAB}
		{5E96B5A4-589F-4F78-AAD7-4D30EE15C4F3} = {BB00914C-7977-41BB-B52A-83BA1C2DDDAB}
		{55A6B6C0-BC1C-4361-9A58-D0F0D34D4D29} = {BB00914C-7977-41BB-B52A-83BA1C2DDDAB}
		{E67255A3-550A-4F1A-ACEF-057B52112966} = {BB00914C-7977-41BB-B52A-83BA1C2DDDAB}
		{471208D4-69B5-4F03-A835-09E4F3E0F5FB} = {BB00914C-7977-41BB-B52A-83BA1C2DDDAB}
		{7DBD343A-592D-483F-9A85-2E0D2E179696} = {BB00914C-7977-41BB-B52A-83BA1C2DDDAB}
		{8F7EE298-675E-415B-8013-C710D3B2FBFC} = {BB00914C-7977-41BB-B52A-83BA1C2DDDAB}
		{F9681E94-B850-4AF8-A060-D1B13A9DBA7F} = {BB00914C-7977-41BB-B52A-83BA1C2DDDAB}
		{1FD5BDC9-1960-4EBF-89C1-176DE569E7D5} = {BB00914C-7977-41BB-B52A-83BA1C2DDDAB}
		{29D5FE51-CD84-44B4-84FD-5C2373DDE090} = {BB00914C-7977-41BB-B52A-83BA1C2DDDAB}
		{C181690D-47F9-431D-9473-FFFC364BB0F2} = {BB00914C-7977-41BB-B52A-83BA1C2DDDAB}
		{F25A55C2-3E62-4052-8BF6-C3F8B59A8EEF} = {BB00914C-7977-41BB-B52A-83BA1C2DDDAB}
		{A4149392-B8F9-4DC0-B52B-05AF425C8D86} = {BB00914C-7977-41BB-B52A-83BA1C2DDDAB}
		{69F9F75C-4AC4-4103-8F54-98BAD878E97B} = {BB00914C-7977-41BB-B52A-83BA1C2DDDAB}
		{139425E9-4089-47C0-B5AE-CAEF93CF240B} = {BB00914C-7977-41BB-B52A-83BA1C2DDDAB}
		{344B8D95-C579-44CB-A41E-BA112B336D9A} = {BB00914C-7977-41BB-B52A-83BA1C2DDDAB}
		{FA64538D-42CC-4A22-A407-3577E9206356} = {BB00914C-7977-41BB-B52A-83BA1C2DDDAB}
		{2FE3EC6F-FCE4-436B-95FC-684DD9BA406C} = {BB00914C-7977-41BB-B52A-83BA1C2DDDAB}
		{747F890F-8559-4ED2-9038-09C687DD8288} = {BB00914C-7977-41BB-B52A-83BA1C2DDDAB}
		{9C07432E-400C-4221-88EB-0C557B4A37DA} = {BB00914C-7977-41BB-B52A-83BA1C2DDDAB}
		{DA60EE4E-150C-4C71-89BC-199E293DE54C} = {BB00914C-7977-41BB-B52A-83BA1C2DDDAB}
		{29BCF2AE-4EF3-4CDE-B264-18AD7C695C02} = {BB00914C-7977-41BB-B52A-83BA1C2DDDAB}
		{7B4389EF-4998-4480-88BE-FFD3B2E742EA} = {BB00914C-7977-41BB-B52A-83BA1C2DDDAB}
		{9A6D8625-E659-4B1E-AF77-7A3E880E3767} = {BB00914C-7977-41BB-B52A-83BA1C2DDDAB}
		{7BF0EBB8-C922-42F3-9DFD-3529176517EF} = {BB00914C-7977-41BB-B52A-83BA1C2DDDAB}
		{ED9EB66A-B9B2-4397-AB0C-361BF7880956} = {BB00914C-7977-41BB-B52A-83BA1C2DDDAB}
		{35FAD1E6-B4D0-47F0-9922-951AB3CF987B} = {BB00914C-7977-41BB-B52A-83BA1C2DDDAB}
		{0C7D39A7-E4E8-4C2D-9EC1-B85A982D484F} = {BB00914C-7977-41BB-B52A-83BA1C2DDDAB}
		{652D7DBB-F579-4D1D-A09E-000DAE9E3DA4} = {BB00914C-7977-41BB-B52A-83BA1C2DDDAB}
		{423FD7B1-00C7-4752-B323-CB57EC106EBB} = {BB00914C-7977-41BB-B52A-83BA1C2DDDAB}
		{7EEA41A9-5881-4D79-A25C-59A8299D5E9F} = {BB00914C-7977-41BB-B52A-83BA1C2DDDAB}
		{B66AD7D3-30BC-4A91-9A1C-14251DB1D9DE} = {BB00914C-7977-41BB-B52A-83BA1C2DDDAB}
	EndGlobalSection
	GlobalSection(ExtensibilityGlobals) = postSolution
		SolutionGuid = {AF24603E-D2EE-47E7-AF1F-817438E913DA}
	EndGlobalSection
EndGlobal
